# THIS IS AN AUTOGENERATED FILE. DO NOT EDIT THIS FILE DIRECTLY.
# yarn lockfile v1


"bar@link:../bar":
  version "0.0.0"
  uid ""

noop@0.2.0:
  version "0.2.0"
  resolved "https://registry.yarnpkg.com/noop/-/noop-0.2.0.tgz#ec548e36be7fc6470cd16a52fd13cd4f0bc35a4c"

noop@0.2.2:
  version "0.2.2"
  resolved "https://registry.yarnpkg.com/noop/-/noop-0.2.2.tgz#868b86cd3a26af8c7d4788d3fe923d586870909b"
